
Microsoft Visual Studio Solution File, Format Version 12.00
# Visual Studio Version 17
VisualStudioVersion = 17.3.32811.315
MinimumVisualStudioVersion = 10.0.40219.1
Project("{FAE04EC0-301F-11D3-BF4B-00C04F79EFBC}") = "ChessBoard", "ChessBoard\ChessBoard.csproj", "{44D74369-8612-4331-B6FE-9F41AA81C213}"
	ProjectSection(ProjectDependencies) = postProject
		{8E74F56A-D7BE-4FB8-A6A1-E25C7B0C82DD} = {8E74F56A-D7BE-4FB8-A6A1-E25C7B0C82DD}
	EndProjectSection
EndProject
Project("{FAE04EC0-301F-11D3-BF4B-00C04F79EFBC}") = "ChessBoardModel", "ChessBoardModel\ChessBoardModel.csproj", "{8E74F56A-D7BE-4FB8-A6A1-E25C7B0C82DD}"
EndProject
Global
	GlobalSection(SolutionConfigurationPlatforms) = preSolution
		Debug|Any CPU = Debug|Any CPU
		Release|Any CPU = Release|Any CPU
	EndGlobalSection
	GlobalSection(ProjectConfigurationPlatforms) = postSolution
		{44D74369-8612-4331-B6FE-9F41AA81C213}.Debug|Any CPU.ActiveCfg = Debug|Any CPU
		{44D74369-8612-4331-B6FE-9F41AA81C213}.Debug|Any CPU.Build.0 = Debug|Any CPU
		{44D74369-8612-4331-B6FE-9F41AA81C213}.Release|Any CPU.ActiveCfg = Release|Any CPU
		{44D74369-8612-4331-B6FE-9F41AA81C213}.Release|Any CPU.Build.0 = Release|Any CPU
		{8E74F56A-D7BE-4FB8-A6A1-E25C7B0C82DD}.Debug|Any CPU.ActiveCfg = Debug|Any CPU
		{8E74F56A-D7BE-4FB8-A6A1-E25C7B0C82DD}.Debug|Any CPU.Build.0 = Debug|Any CPU
		{8E74F56A-D7BE-4FB8-A6A1-E25C7B0C82DD}.Release|Any CPU.ActiveCfg = Release|Any CPU
		{8E74F56A-D7BE-4FB8-A6A1-E25C7B0C82DD}.Release|Any CPU.Build.0 = Release|Any CPU
	EndGlobalSection
	GlobalSection(SolutionProperties) = preSolution
		HideSolutionNode = FALSE
	EndGlobalSection
	GlobalSection(ExtensibilityGlobals) = postSolution
		SolutionGuid = {0A14B77F-CAB0-4DB1-878D-9BE6D79EE028}
	EndGlobalSection
EndGlobal
